
Microsoft Visual Studio Solution File, Format Version 12.00
# Visual Studio 2012
Project("{FAE04EC0-301F-11D3-BF4B-00C04F79EFBC}") = "ExtractPkey2", "ExtractPkey2\ExtractPkey2.csproj", "{07FA5D21-55D2-4016-81D9-F8E566EF76C1}"
EndProject
Project("{FAE04EC0-301F-11D3-BF4B-00C04F79EFBC}") = "ExtractPkey", "ExtractPkey\ExtractPkey.csproj", "{B0515ACE-FD6E-47E1-A317-4C1F04A04A0A}"
EndProject
Global
	GlobalSection(SolutionConfigurationPlatforms) = preSolution
		Debug|Any CPU = Debug|Any CPU
		Release|Any CPU = Release|Any CPU
	EndGlobalSection
	GlobalSection(ProjectConfigurationPlatforms) = postSolution
		{07FA5D21-55D2-4016-81D9-F8E566EF76C1}.Debug|Any CPU.ActiveCfg = Debug|Any CPU
		{07FA5D21-55D2-4016-81D9-F8E566EF76C1}.Debug|Any CPU.Build.0 = Debug|Any CPU
		{07FA5D21-55D2-4016-81D9-F8E566EF76C1}.Release|Any CPU.ActiveCfg = Release|Any CPU
		{07FA5D21-55D2-4016-81D9-F8E566EF76C1}.Release|Any CPU.Build.0 = Release|Any CPU
		{B0515ACE-FD6E-47E1-A317-4C1F04A04A0A}.Debug|Any CPU.ActiveCfg = Debug|Any CPU
		{B0515ACE-FD6E-47E1-A317-4C1F04A04A0A}.Debug|Any CPU.Build.0 = Debug|Any CPU
		{B0515ACE-FD6E-47E1-A317-4C1F04A04A0A}.Release|Any CPU.ActiveCfg = Release|Any CPU
		{B0515ACE-FD6E-47E1-A317-4C1F04A04A0A}.Release|Any CPU.Build.0 = Release|Any CPU
	EndGlobalSection
	GlobalSection(SolutionProperties) = preSolution
		HideSolutionNode = FALSE
	EndGlobalSection
EndGlobal
